
Microsoft Visual Studio Solution File, Format Version 12.00
# Visual Studio Version 16
VisualStudioVersion = 16.0.29519.87
MinimumVisualStudioVersion = 10.0.40219.1
Project("{8BC9CEB8-8B4A-11D0-8D11-00A0C91BC942}") = "leetcode-algorithm", "leetcode-algorithm\leetcode-algorithm.vcxproj", "{F27C6742-5A5D-4CCC-9DCC-F0E4EECDE639}"
EndProject
Project("{8BC9CEB8-8B4A-11D0-8D11-00A0C91BC942}") = "sort-algorithm", "sort-algorithm\sort-algorithm.vcxproj", "{65259916-26B1-409B-A464-2B3CE9A27C23}"
EndProject
Project("{8BC9CEB8-8B4A-11D0-8D11-00A0C91BC942}") = "data-structure", "data-structure\data-structure.vcxproj", "{A887E1E4-57B0-4CFF-B805-109F2F929903}"
EndProject
Global
	GlobalSection(SolutionConfigurationPlatforms) = preSolution
		Debug|x64 = Debug|x64
		Debug|x86 = Debug|x86
		Release|x64 = Release|x64
		Release|x86 = Release|x86
	EndGlobalSection
	GlobalSection(ProjectConfigurationPlatforms) = postSolution
		{F27C6742-5A5D-4CCC-9DCC-F0E4EECDE639}.Debug|x64.ActiveCfg = Debug|x64
		{F27C6742-5A5D-4CCC-9DCC-F0E4EECDE639}.Debug|x64.Build.0 = Debug|x64
		{F27C6742-5A5D-4CCC-9DCC-F0E4EECDE639}.Debug|x86.ActiveCfg = Debug|Win32
		{F27C6742-5A5D-4CCC-9DCC-F0E4EECDE639}.Debug|x86.Build.0 = Debug|Win32
		{F27C6742-5A5D-4CCC-9DCC-F0E4EECDE639}.Release|x64.ActiveCfg = Release|x64
		{F27C6742-5A5D-4CCC-9DCC-F0E4EECDE639}.Release|x64.Build.0 = Release|x64
		{F27C6742-5A5D-4CCC-9DCC-F0E4EECDE639}.Release|x86.ActiveCfg = Release|Win32
		{F27C6742-5A5D-4CCC-9DCC-F0E4EECDE639}.Release|x86.Build.0 = Release|Win32
		{65259916-26B1-409B-A464-2B3CE9A27C23}.Debug|x64.ActiveCfg = Debug|x64
		{65259916-26B1-409B-A464-2B3CE9A27C23}.Debug|x64.Build.0 = Debug|x64
		{65259916-26B1-409B-A464-2B3CE9A27C23}.Debug|x86.ActiveCfg = Debug|Win32
		{65259916-26B1-409B-A464-2B3CE9A27C23}.Debug|x86.Build.0 = Debug|Win32
		{65259916-26B1-409B-A464-2B3CE9A27C23}.Release|x64.ActiveCfg = Release|x64
		{65259916-26B1-409B-A464-2B3CE9A27C23}.Release|x64.Build.0 = Release|x64
		{65259916-26B1-409B-A464-2B3CE9A27C23}.Release|x86.ActiveCfg = Release|Win32
		{65259916-26B1-409B-A464-2B3CE9A27C23}.Release|x86.Build.0 = Release|Win32
		{A887E1E4-57B0-4CFF-B805-109F2F929903}.Debug|x64.ActiveCfg = Debug|x64
		{A887E1E4-57B0-4CFF-B805-109F2F929903}.Debug|x64.Build.0 = Debug|x64
		{A887E1E4-57B0-4CFF-B805-109F2F929903}.Debug|x86.ActiveCfg = Debug|Win32
		{A887E1E4-57B0-4CFF-B805-109F2F929903}.Debug|x86.Build.0 = Debug|Win32
		{A887E1E4-57B0-4CFF-B805-109F2F929903}.Release|x64.ActiveCfg = Release|x64
		{A887E1E4-57B0-4CFF-B805-109F2F929903}.Release|x64.Build.0 = Release|x64
		{A887E1E4-57B0-4CFF-B805-109F2F929903}.Release|x86.ActiveCfg = Release|Win32
		{A887E1E4-57B0-4CFF-B805-109F2F929903}.Release|x86.Build.0 = Release|Win32
	EndGlobalSection
	GlobalSection(SolutionProperties) = preSolution
		HideSolutionNode = FALSE
	EndGlobalSection
	GlobalSection(ExtensibilityGlobals) = postSolution
		SolutionGuid = {75B732ED-938B-4B7A-9530-02FD88124042}
	EndGlobalSection
EndGlobal
